
Microsoft Visual Studio Solution File, Format Version 12.00
# Visual Studio Version 17
VisualStudioVersion = 17.4.33403.182
MinimumVisualStudioVersion = 10.0.40219.1
Project("{FAE04EC0-301F-11D3-BF4B-00C04F79EFBC}") = "FileDriveWebApi", "FileDriveWebApi\FileDriveWebApi.csproj", "{98AE9040-1A7B-480A-BAEE-836A5134D007}"
EndProject
Project("{FAE04EC0-301F-11D3-BF4B-00C04F79EFBC}") = "FileDriveDesktopApp", "FileDriveDesktopApp\FileDriveDesktopApp.csproj", "{B3C49454-D7C9-4863-A098-3C2FAED4B4AF}"
EndProject
Global
	GlobalSection(SolutionConfigurationPlatforms) = preSolution
		Debug|Any CPU = Debug|Any CPU
		Release|Any CPU = Release|Any CPU
	EndGlobalSection
	GlobalSection(ProjectConfigurationPlatforms) = postSolution
		{98AE9040-1A7B-480A-BAEE-836A5134D007}.Debug|Any CPU.ActiveCfg = Debug|Any CPU
		{98AE9040-1A7B-480A-BAEE-836A5134D007}.Debug|Any CPU.Build.0 = Debug|Any CPU
		{98AE9040-1A7B-480A-BAEE-836A5134D007}.Release|Any CPU.ActiveCfg = Release|Any CPU
		{98AE9040-1A7B-480A-BAEE-836A5134D007}.Release|Any CPU.Build.0 = Release|Any CPU
		{B3C49454-D7C9-4863-A098-3C2FAED4B4AF}.Debug|Any CPU.ActiveCfg = Debug|Any CPU
		{B3C49454-D7C9-4863-A098-3C2FAED4B4AF}.Debug|Any CPU.Build.0 = Debug|Any CPU
		{B3C49454-D7C9-4863-A098-3C2FAED4B4AF}.Release|Any CPU.ActiveCfg = Release|Any CPU
		{B3C49454-D7C9-4863-A098-3C2FAED4B4AF}.Release|Any CPU.Build.0 = Release|Any CPU
	EndGlobalSection
	GlobalSection(SolutionProperties) = preSolution
		HideSolutionNode = FALSE
	EndGlobalSection
	GlobalSection(ExtensibilityGlobals) = postSolution
		SolutionGuid = {E6CF7F6A-C794-4705-B693-1E4AA3EEA18E}
	EndGlobalSection
EndGlobal
